
Microsoft Visual Studio Solution File, Format Version 12.00
# Visual Studio 14
VisualStudioVersion = 14.0.25420.1
MinimumVisualStudioVersion = 10.0.40219.1
Project("{2150E333-8FDC-42A3-9474-1A3956D46DE8}") = "CSS", "CSS", "{0EDE878C-C00C-434B-A6B4-A138DAB0E455}"
	ProjectSection(SolutionItems) = preProject
		..\..\launch\css\.DS_Store = ..\..\launch\css\.DS_Store
		..\..\launch\css\animate.css = ..\..\launch\css\animate.css
		..\..\launch\css\bootstrap.css = ..\..\launch\css\bootstrap.css
		..\..\launch\css\bootstrap.css.map = ..\..\launch\css\bootstrap.css.map
		..\..\launch\css\icomoon.css = ..\..\launch\css\icomoon.css
		..\..\launch\css\index.html = ..\..\launch\css\index.html
		..\..\launch\css\style.css = ..\..\launch\css\style.css
		..\..\launch\css\style.css.map = ..\..\launch\css\style.css.map
	EndProjectSection
EndProject
Project("{2150E333-8FDC-42A3-9474-1A3956D46DE8}") = "html", "html", "{8BD60FDC-6BC2-4618-B357-2AC377B8F79F}"
	ProjectSection(SolutionItems) = preProject
		..\..\launch\index.html = ..\..\launch\index.html
	EndProjectSection
EndProject
Project("{2150E333-8FDC-42A3-9474-1A3956D46DE8}") = "fornts", "fornts", "{CED12BD7-6C48-46B1-A566-713978F82FAC}"
	ProjectSection(SolutionItems) = preProject
		..\..\launch\fonts\.DS_Store = ..\..\launch\fonts\.DS_Store
		..\..\launch\fonts\index.html = ..\..\launch\fonts\index.html
	EndProjectSection
EndProject
Project("{2150E333-8FDC-42A3-9474-1A3956D46DE8}") = "bootstrap", "bootstrap", "{BD3A86B1-0E74-4EFD-AD76-6FFC7313AF40}"
	ProjectSection(SolutionItems) = preProject
		..\..\launch\fonts\bootstrap\glyphicons-halflings-regular.eot = ..\..\launch\fonts\bootstrap\glyphicons-halflings-regular.eot
		..\..\launch\fonts\bootstrap\glyphicons-halflings-regular.svg = ..\..\launch\fonts\bootstrap\glyphicons-halflings-regular.svg
		..\..\launch\fonts\bootstrap\glyphicons-halflings-regular.ttf = ..\..\launch\fonts\bootstrap\glyphicons-halflings-regular.ttf
		..\..\launch\fonts\bootstrap\glyphicons-halflings-regular.woff = ..\..\launch\fonts\bootstrap\glyphicons-halflings-regular.woff
		..\..\launch\fonts\bootstrap\glyphicons-halflings-regular.woff2 = ..\..\launch\fonts\bootstrap\glyphicons-halflings-regular.woff2
	EndProjectSection
EndProject
Project("{2150E333-8FDC-42A3-9474-1A3956D46DE8}") = "icomoon", "icomoon", "{9ED75172-1F1C-4A22-8864-6065348FF9D6}"
	ProjectSection(SolutionItems) = preProject
		..\..\launch\fonts\icomoon\icomoon.eot = ..\..\launch\fonts\icomoon\icomoon.eot
		..\..\launch\fonts\icomoon\icomoon.svg = ..\..\launch\fonts\icomoon\icomoon.svg
		..\..\launch\fonts\icomoon\icomoon.ttf = ..\..\launch\fonts\icomoon\icomoon.ttf
		..\..\launch\fonts\icomoon\icomoon.woff = ..\..\launch\fonts\icomoon\icomoon.woff
	EndProjectSection
EndProject
Project("{2150E333-8FDC-42A3-9474-1A3956D46DE8}") = "images", "images", "{624DD28F-3A84-4830-8EE6-54E09A528A13}"
	ProjectSection(SolutionItems) = preProject
		..\..\launch\images\.DS_Store = ..\..\launch\images\.DS_Store
		..\..\launch\images\img_bg_1.jpg = ..\..\launch\images\img_bg_1.jpg
		..\..\launch\images\index.html = ..\..\launch\images\index.html
		..\..\launch\images\loader.gif = ..\..\launch\images\loader.gif
	EndProjectSection
EndProject
Project("{2150E333-8FDC-42A3-9474-1A3956D46DE8}") = "js", "js", "{5BE5DF90-6873-4E97-A8CA-8861BFFD9ED4}"
	ProjectSection(SolutionItems) = preProject
		..\..\launch\js\.DS_Store = ..\..\launch\js\.DS_Store
		..\..\launch\js\bootstrap.min.js = ..\..\launch\js\bootstrap.min.js
		..\..\launch\js\index.html = ..\..\launch\js\index.html
		..\..\launch\js\jquery.easing.1.3.js = ..\..\launch\js\jquery.easing.1.3.js
		..\..\launch\js\jquery.min.js = ..\..\launch\js\jquery.min.js
		..\..\launch\js\jquery.stellar.min.js = ..\..\launch\js\jquery.stellar.min.js
		..\..\launch\js\jquery.waypoints.min.js = ..\..\launch\js\jquery.waypoints.min.js
		..\..\launch\js\main.js = ..\..\launch\js\main.js
		..\..\launch\js\modernizr-2.6.2.min.js = ..\..\launch\js\modernizr-2.6.2.min.js
		..\..\launch\js\respond.min.js = ..\..\launch\js\respond.min.js
		..\..\launch\js\simplyCountdown.js = ..\..\launch\js\simplyCountdown.js
	EndProjectSection
EndProject
Project("{2150E333-8FDC-42A3-9474-1A3956D46DE8}") = "sass", "sass", "{0F3945FA-C512-420A-9B5A-8084AA9C3B82}"
	ProjectSection(SolutionItems) = preProject
		..\..\launch\sass\.DS_Store = ..\..\launch\sass\.DS_Store
		..\..\launch\sass\_bootstrap-compass.scss = ..\..\launch\sass\_bootstrap-compass.scss
		..\..\launch\sass\_bootstrap-mincer.scss = ..\..\launch\sass\_bootstrap-mincer.scss
		..\..\launch\sass\_bootstrap-sprockets.scss = ..\..\launch\sass\_bootstrap-sprockets.scss
		..\..\launch\sass\bootstrap.scss = ..\..\launch\sass\bootstrap.scss
		..\..\launch\sass\index.html = ..\..\launch\sass\index.html
		..\..\launch\sass\style.scss = ..\..\launch\sass\style.scss
	EndProjectSection
EndProject
Project("{2150E333-8FDC-42A3-9474-1A3956D46DE8}") = "bootstrap", "bootstrap", "{46C3C784-D3C2-4A4A-A215-933EEFF9FE29}"
	ProjectSection(SolutionItems) = preProject
		..\..\launch\sass\bootstrap\_alerts.scss = ..\..\launch\sass\bootstrap\_alerts.scss
		..\..\launch\sass\bootstrap\_badges.scss = ..\..\launch\sass\bootstrap\_badges.scss
		..\..\launch\sass\bootstrap\_breadcrumbs.scss = ..\..\launch\sass\bootstrap\_breadcrumbs.scss
		..\..\launch\sass\bootstrap\_button-groups.scss = ..\..\launch\sass\bootstrap\_button-groups.scss
		..\..\launch\sass\bootstrap\_buttons.scss = ..\..\launch\sass\bootstrap\_buttons.scss
		..\..\launch\sass\bootstrap\_carousel.scss = ..\..\launch\sass\bootstrap\_carousel.scss
		..\..\launch\sass\bootstrap\_close.scss = ..\..\launch\sass\bootstrap\_close.scss
		..\..\launch\sass\bootstrap\_code.scss = ..\..\launch\sass\bootstrap\_code.scss
		..\..\launch\sass\bootstrap\_component-animations.scss = ..\..\launch\sass\bootstrap\_component-animations.scss
		..\..\launch\sass\bootstrap\_dropdowns.scss = ..\..\launch\sass\bootstrap\_dropdowns.scss
		..\..\launch\sass\bootstrap\_forms.scss = ..\..\launch\sass\bootstrap\_forms.scss
		..\..\launch\sass\bootstrap\_glyphicons.scss = ..\..\launch\sass\bootstrap\_glyphicons.scss
		..\..\launch\sass\bootstrap\_grid.scss = ..\..\launch\sass\bootstrap\_grid.scss
		..\..\launch\sass\bootstrap\_input-groups.scss = ..\..\launch\sass\bootstrap\_input-groups.scss
		..\..\launch\sass\bootstrap\_jumbotron.scss = ..\..\launch\sass\bootstrap\_jumbotron.scss
		..\..\launch\sass\bootstrap\_labels.scss = ..\..\launch\sass\bootstrap\_labels.scss
		..\..\launch\sass\bootstrap\_list-group.scss = ..\..\launch\sass\bootstrap\_list-group.scss
		..\..\launch\sass\bootstrap\_media.scss = ..\..\launch\sass\bootstrap\_media.scss
		..\..\launch\sass\bootstrap\_mixins.scss = ..\..\launch\sass\bootstrap\_mixins.scss
		..\..\launch\sass\bootstrap\_modals.scss = ..\..\launch\sass\bootstrap\_modals.scss
		..\..\launch\sass\bootstrap\_navbar.scss = ..\..\launch\sass\bootstrap\_navbar.scss
		..\..\launch\sass\bootstrap\_navs.scss = ..\..\launch\sass\bootstrap\_navs.scss
		..\..\launch\sass\bootstrap\_normalize.scss = ..\..\launch\sass\bootstrap\_normalize.scss
		..\..\launch\sass\bootstrap\_pager.scss = ..\..\launch\sass\bootstrap\_pager.scss
		..\..\launch\sass\bootstrap\_pagination.scss = ..\..\launch\sass\bootstrap\_pagination.scss
		..\..\launch\sass\bootstrap\_panels.scss = ..\..\launch\sass\bootstrap\_panels.scss
		..\..\launch\sass\bootstrap\_popovers.scss = ..\..\launch\sass\bootstrap\_popovers.scss
		..\..\launch\sass\bootstrap\_print.scss = ..\..\launch\sass\bootstrap\_print.scss
		..\..\launch\sass\bootstrap\_progress-bars.scss = ..\..\launch\sass\bootstrap\_progress-bars.scss
		..\..\launch\sass\bootstrap\_responsive-embed.scss = ..\..\launch\sass\bootstrap\_responsive-embed.scss
		..\..\launch\sass\bootstrap\_responsive-utilities.scss = ..\..\launch\sass\bootstrap\_responsive-utilities.scss
		..\..\launch\sass\bootstrap\_scaffolding.scss = ..\..\launch\sass\bootstrap\_scaffolding.scss
		..\..\launch\sass\bootstrap\_tables.scss = ..\..\launch\sass\bootstrap\_tables.scss
		..\..\launch\sass\bootstrap\_theme.scss = ..\..\launch\sass\bootstrap\_theme.scss
		..\..\launch\sass\bootstrap\_thumbnails.scss = ..\..\launch\sass\bootstrap\_thumbnails.scss
		..\..\launch\sass\bootstrap\_tooltip.scss = ..\..\launch\sass\bootstrap\_tooltip.scss
		..\..\launch\sass\bootstrap\_type.scss = ..\..\launch\sass\bootstrap\_type.scss
		..\..\launch\sass\bootstrap\_utilities.scss = ..\..\launch\sass\bootstrap\_utilities.scss
		..\..\launch\sass\bootstrap\_variables.scss = ..\..\launch\sass\bootstrap\_variables.scss
		..\..\launch\sass\bootstrap\_wells.scss = ..\..\launch\sass\bootstrap\_wells.scss
	EndProjectSection
EndProject
Project("{2150E333-8FDC-42A3-9474-1A3956D46DE8}") = "mixins", "mixins", "{C17C05ED-E8DE-4FEF-AA4C-93ED53300AC2}"
	ProjectSection(SolutionItems) = preProject
		..\..\launch\sass\bootstrap\mixins\_alerts.scss = ..\..\launch\sass\bootstrap\mixins\_alerts.scss
		..\..\launch\sass\bootstrap\mixins\_background-variant.scss = ..\..\launch\sass\bootstrap\mixins\_background-variant.scss
		..\..\launch\sass\bootstrap\mixins\_border-radius.scss = ..\..\launch\sass\bootstrap\mixins\_border-radius.scss
		..\..\launch\sass\bootstrap\mixins\_buttons.scss = ..\..\launch\sass\bootstrap\mixins\_buttons.scss
		..\..\launch\sass\bootstrap\mixins\_center-block.scss = ..\..\launch\sass\bootstrap\mixins\_center-block.scss
		..\..\launch\sass\bootstrap\mixins\_clearfix.scss = ..\..\launch\sass\bootstrap\mixins\_clearfix.scss
		..\..\launch\sass\bootstrap\mixins\_forms.scss = ..\..\launch\sass\bootstrap\mixins\_forms.scss
		..\..\launch\sass\bootstrap\mixins\_gradients.scss = ..\..\launch\sass\bootstrap\mixins\_gradients.scss
		..\..\launch\sass\bootstrap\mixins\_grid-framework.scss = ..\..\launch\sass\bootstrap\mixins\_grid-framework.scss
		..\..\launch\sass\bootstrap\mixins\_grid.scss = ..\..\launch\sass\bootstrap\mixins\_grid.scss
		..\..\launch\sass\bootstrap\mixins\_hide-text.scss = ..\..\launch\sass\bootstrap\mixins\_hide-text.scss
		..\..\launch\sass\bootstrap\mixins\_image.scss = ..\..\launch\sass\bootstrap\mixins\_image.scss
		..\..\launch\sass\bootstrap\mixins\_labels.scss = ..\..\launch\sass\bootstrap\mixins\_labels.scss
		..\..\launch\sass\bootstrap\mixins\_list-group.scss = ..\..\launch\sass\bootstrap\mixins\_list-group.scss
		..\..\launch\sass\bootstrap\mixins\_nav-divider.scss = ..\..\launch\sass\bootstrap\mixins\_nav-divider.scss
		..\..\launch\sass\bootstrap\mixins\_nav-vertical-align.scss = ..\..\launch\sass\bootstrap\mixins\_nav-vertical-align.scss
		..\..\launch\sass\bootstrap\mixins\_opacity.scss = ..\..\launch\sass\bootstrap\mixins\_opacity.scss
		..\..\launch\sass\bootstrap\mixins\_pagination.scss = ..\..\launch\sass\bootstrap\mixins\_pagination.scss
		..\..\launch\sass\bootstrap\mixins\_panels.scss = ..\..\launch\sass\bootstrap\mixins\_panels.scss
		..\..\launch\sass\bootstrap\mixins\_progress-bar.scss = ..\..\launch\sass\bootstrap\mixins\_progress-bar.scss
		..\..\launch\sass\bootstrap\mixins\_reset-filter.scss = ..\..\launch\sass\bootstrap\mixins\_reset-filter.scss
		..\..\launch\sass\bootstrap\mixins\_reset-text.scss = ..\..\launch\sass\bootstrap\mixins\_reset-text.scss
		..\..\launch\sass\bootstrap\mixins\_resize.scss = ..\..\launch\sass\bootstrap\mixins\_resize.scss
		..\..\launch\sass\bootstrap\mixins\_responsive-visibility.scss = ..\..\launch\sass\bootstrap\mixins\_responsive-visibility.scss
		..\..\launch\sass\bootstrap\mixins\_size.scss = ..\..\launch\sass\bootstrap\mixins\_size.scss
		..\..\launch\sass\bootstrap\mixins\_tab-focus.scss = ..\..\launch\sass\bootstrap\mixins\_tab-focus.scss
		..\..\launch\sass\bootstrap\mixins\_table-row.scss = ..\..\launch\sass\bootstrap\mixins\_table-row.scss
		..\..\launch\sass\bootstrap\mixins\_text-emphasis.scss = ..\..\launch\sass\bootstrap\mixins\_text-emphasis.scss
		..\..\launch\sass\bootstrap\mixins\_text-overflow.scss = ..\..\launch\sass\bootstrap\mixins\_text-overflow.scss
		..\..\launch\sass\bootstrap\mixins\_vendor-prefixes.scss = ..\..\launch\sass\bootstrap\mixins\_vendor-prefixes.scss
	EndProjectSection
EndProject
Global
	GlobalSection(SolutionProperties) = preSolution
		HideSolutionNode = FALSE
	EndGlobalSection
	GlobalSection(NestedProjects) = preSolution
		{BD3A86B1-0E74-4EFD-AD76-6FFC7313AF40} = {CED12BD7-6C48-46B1-A566-713978F82FAC}
		{9ED75172-1F1C-4A22-8864-6065348FF9D6} = {CED12BD7-6C48-46B1-A566-713978F82FAC}
		{46C3C784-D3C2-4A4A-A215-933EEFF9FE29} = {0F3945FA-C512-420A-9B5A-8084AA9C3B82}
		{C17C05ED-E8DE-4FEF-AA4C-93ED53300AC2} = {0F3945FA-C512-420A-9B5A-8084AA9C3B82}
	EndGlobalSection
EndGlobal
