
Microsoft Visual Studio Solution File, Format Version 12.00
# Visual Studio 14
VisualStudioVersion = 14.0.25123.0
MinimumVisualStudioVersion = 10.0.40219.1
Project("{FAE04EC0-301F-11D3-BF4B-00C04F79EFBC}") = "WebAndLoad_JH", "WebAndLoad_JH\WebAndLoad_JH.csproj", "{D247A061-D3CB-49E5-91C6-0082C044BF0E}"
EndProject
Project("{2150E333-8FDC-42A3-9474-1A3956D46DE8}") = "Solution Items", "Solution Items", "{4567B6BB-2805-4701-A3AA-DEADF6FC0E10}"
	ProjectSection(SolutionItems) = preProject
		Local.testsettings = Local.testsettings
	EndProjectSection
EndProject
Global
	GlobalSection(SolutionConfigurationPlatforms) = preSolution
		Debug|Any CPU = Debug|Any CPU
		Release|Any CPU = Release|Any CPU
	EndGlobalSection
	GlobalSection(ProjectConfigurationPlatforms) = postSolution
		{D247A061-D3CB-49E5-91C6-0082C044BF0E}.Debug|Any CPU.ActiveCfg = Debug|Any CPU
		{D247A061-D3CB-49E5-91C6-0082C044BF0E}.Debug|Any CPU.Build.0 = Debug|Any CPU
		{D247A061-D3CB-49E5-91C6-0082C044BF0E}.Release|Any CPU.ActiveCfg = Release|Any CPU
		{D247A061-D3CB-49E5-91C6-0082C044BF0E}.Release|Any CPU.Build.0 = Release|Any CPU
	EndGlobalSection
	GlobalSection(SolutionProperties) = preSolution
		HideSolutionNode = FALSE
	EndGlobalSection
EndGlobal
