
Microsoft Visual Studio Solution File, Format Version 12.00
# Visual Studio 14
VisualStudioVersion = 14.0.25123.0
MinimumVisualStudioVersion = 10.0.40219.1
Project("{FAE04EC0-301F-11D3-BF4B-00C04F79EFBC}") = "JH_WebAndLoadTest", "JH_WebAndLoadTest\JH_WebAndLoadTest.csproj", "{45FF4FF2-0C33-436B-A1D4-1A3A58F3B6EF}"
EndProject
Project("{2150E333-8FDC-42A3-9474-1A3956D46DE8}") = "Solution Items", "Solution Items", "{FED92176-65EE-40DF-AF96-36C91D6C175D}"
	ProjectSection(SolutionItems) = preProject
		Local.testsettings = Local.testsettings
	EndProjectSection
EndProject
Global
	GlobalSection(SolutionConfigurationPlatforms) = preSolution
		Debug|Any CPU = Debug|Any CPU
		Release|Any CPU = Release|Any CPU
	EndGlobalSection
	GlobalSection(ProjectConfigurationPlatforms) = postSolution
		{45FF4FF2-0C33-436B-A1D4-1A3A58F3B6EF}.Debug|Any CPU.ActiveCfg = Debug|Any CPU
		{45FF4FF2-0C33-436B-A1D4-1A3A58F3B6EF}.Debug|Any CPU.Build.0 = Debug|Any CPU
		{45FF4FF2-0C33-436B-A1D4-1A3A58F3B6EF}.Release|Any CPU.ActiveCfg = Release|Any CPU
		{45FF4FF2-0C33-436B-A1D4-1A3A58F3B6EF}.Release|Any CPU.Build.0 = Release|Any CPU
	EndGlobalSection
	GlobalSection(SolutionProperties) = preSolution
		HideSolutionNode = FALSE
	EndGlobalSection
EndGlobal
