
Microsoft Visual Studio Solution File, Format Version 12.00
# Visual Studio 14
VisualStudioVersion = 14.0.25123.0
MinimumVisualStudioVersion = 10.0.40219.1
Project("{FAE04EC0-301F-11D3-BF4B-00C04F79EFBC}") = "WebAndLoadTestProject15", "WebAndLoadTestProject15\WebAndLoadTestProject15.csproj", "{FACBD32B-4E5D-41FF-B1CB-6ABFEED7D10B}"
EndProject
Project("{2150E333-8FDC-42A3-9474-1A3956D46DE8}") = "Solution Items", "Solution Items", "{992BBE9B-112A-4658-8827-E408786CAABC}"
	ProjectSection(SolutionItems) = preProject
		Local.testsettings = Local.testsettings
	EndProjectSection
EndProject
Global
	GlobalSection(SolutionConfigurationPlatforms) = preSolution
		Debug|Any CPU = Debug|Any CPU
		Release|Any CPU = Release|Any CPU
	EndGlobalSection
	GlobalSection(ProjectConfigurationPlatforms) = postSolution
		{FACBD32B-4E5D-41FF-B1CB-6ABFEED7D10B}.Debug|Any CPU.ActiveCfg = Debug|Any CPU
		{FACBD32B-4E5D-41FF-B1CB-6ABFEED7D10B}.Debug|Any CPU.Build.0 = Debug|Any CPU
		{FACBD32B-4E5D-41FF-B1CB-6ABFEED7D10B}.Release|Any CPU.ActiveCfg = Release|Any CPU
		{FACBD32B-4E5D-41FF-B1CB-6ABFEED7D10B}.Release|Any CPU.Build.0 = Release|Any CPU
	EndGlobalSection
	GlobalSection(SolutionProperties) = preSolution
		HideSolutionNode = FALSE
	EndGlobalSection
EndGlobal
